
Microsoft Visual Studio Solution File, Format Version 12.00
# Visual Studio Version 17
VisualStudioVersion = 17.8.34330.188
MinimumVisualStudioVersion = 10.0.40219.1
Project("{FAE04EC0-301F-11D3-BF4B-00C04F79EFBC}") = "Predictor.Web", "Predictor.Web\Predictor.Web.csproj", "{75B21432-29BB-4DD9-BD58-652A84A7B202}"
EndProject
Global
	GlobalSection(SolutionConfigurationPlatforms) = preSolution
		Debug|Any CPU = Debug|Any CPU
		Release|Any CPU = Release|Any CPU
	EndGlobalSection
	GlobalSection(ProjectConfigurationPlatforms) = postSolution
		{75B21432-29BB-4DD9-BD58-652A84A7B202}.Debug|Any CPU.ActiveCfg = Debug|Any CPU
		{75B21432-29BB-4DD9-BD58-652A84A7B202}.Debug|Any CPU.Build.0 = Debug|Any CPU
		{75B21432-29BB-4DD9-BD58-652A84A7B202}.Release|Any CPU.ActiveCfg = Release|Any CPU
		{75B21432-29BB-4DD9-BD58-652A84A7B202}.Release|Any CPU.Build.0 = Release|Any CPU
	EndGlobalSection
	GlobalSection(SolutionProperties) = preSolution
		HideSolutionNode = FALSE
	EndGlobalSection
	GlobalSection(ExtensibilityGlobals) = postSolution
		SolutionGuid = {3485F35D-1B3B-4E8C-A0FA-D1A8774427A9}
	EndGlobalSection
EndGlobal
